// !$*UTF8*$!
{
	archiveVersion = 1;
	classes = {
	};
	objectVersion = 48;
	objects = {

/* Begin PBXBuildFile section */
		FDD749921FA94D01008CC3E4 /* AppDelegate.swift in Sources */ = {isa = PBXBuildFile; fileRef = FDD749911FA94D01008CC3E4 /* AppDelegate.swift */; };
		FDD749941FA94D01008CC3E4 /* ViewController.swift in Sources */ = {isa = PBXBuildFile; fileRef = FDD749931FA94D01008CC3E4 /* ViewController.swift */; };
		FDD749971FA94D01008CC3E4 /* Main.storyboard in Resources */ = {isa = PBXBuildFile; fileRef = FDD749951FA94D01008CC3E4 /* Main.storyboard */; };
		FDD749991FA94D01008CC3E4 /* Assets.xcassets in Resources */ = {isa = PBXBuildFile; fileRef = FDD749981FA94D01008CC3E4 /* Assets.xcassets */; };
		FDD7499C1FA94D01008CC3E4 /* LaunchScreen.storyboard in Resources */ = {isa = PBXBuildFile; fileRef = FDD7499A1FA94D01008CC3E4 /* LaunchScreen.storyboard */; };
/* End PBXBuildFile section */

/* Begin PBXFileReference section */
		FDD7498E1FA94D01008CC3E4 /* CIColorCurvesExample.app */ = {isa = PBXFileReference; explicitFileType = wrapper.application; includeInIndex = 0; path = CIColorCurvesExample.app; sourceTree = BUILT_PRODUCTS_DIR; };
		FDD749911FA94D01008CC3E4 /* AppDelegate.swift */ = {isa = PBXFileReference; lastKnownFileType = sourcecode.swift; path = AppDelegate.swift; sourceTree = "<group>"; };
		FDD749931FA94D01008CC3E4 /* ViewController.swift */ = {isa = PBXFileReference; lastKnownFileType = sourcecode.swift; path = ViewController.swift; sourceTree = "<group>"; };
		FDD749961FA94D01008CC3E4 /* Base */ = {isa = PBXFileReference; lastKnownFileType = file.storyboard; name = Base; path = Base.lproj/Main.storyboard; sourceTree = "<group>"; };
		FDD749981FA94D01008CC3E4 /* Assets.xcassets */ = {isa = PBXFileReference; lastKnownFileType = folder.assetcatalog; path = Assets.xcassets; sourceTree = "<group>"; };
		FDD7499B1FA94D01008CC3E4 /* Base */ = {isa = PBXFileReference; lastKnownFileType = file.storyboard; name = Base; path = Base.lproj/LaunchScreen.storyboard; sourceTree = "<group>"; };
		FDD7499D1FA94D01008CC3E4 /* Info.plist */ = {isa = PBXFileReference; lastKnownFileType = text.plist.xml; path = Info.plist; sourceTree = "<group>"; };
/* End PBXFileReference section */

/* Begin PBXFrameworksBuildPhase section */
		FDD7498B1FA94D01008CC3E4 /* Frameworks */ = {
			isa = PBXFrameworksBuildPhase;
			buildActionMask = 2147483647;
			files = (
			);
			runOnlyForDeploymentPostprocessing = 0;
		};
/* End PBXFrameworksBuildPhase section */

/* Begin PBXGroup section */
		FDD749851FA94D01008CC3E4 = {
			isa = PBXGroup;
			children = (
				FDD749901FA94D01008CC3E4 /* CIColorCurvesExample */,
				FDD7498F1FA94D01008CC3E4 /* Products */,
			);
			sourceTree = "<group>";
		};
		FDD7498F1FA94D01008CC3E4 /* Products */ = {
			isa = PBXGroup;
			children = (
				FDD7498E1FA94D01008CC3E4 /* CIColorCurvesExample.app */,
			);
			name = Products;
			sourceTree = "<group>";
		};
		FDD749901FA94D01008CC3E4 /* CIColorCurvesExample */ = {
			isa = PBXGroup;
			children = (
				FDD749911FA94D01008CC3E4 /* AppDelegate.swift */,
				FDD749931FA94D01008CC3E4 /* ViewController.swift */,
				FDD749951FA94D01008CC3E4 /* Main.storyboard */,
				FDD749981FA94D01008CC3E4 /* Assets.xcassets */,
				FDD7499A1FA94D01008CC3E4 /* LaunchScreen.storyboard */,
				FDD7499D1FA94D01008CC3E4 /* Info.plist */,
			);
			path = CIColorCurvesExample;
			sourceTree = "<group>";
		};
/* End PBXGroup section */

/* Begin PBXNativeTarget section */
		FDD7498D1FA94D01008CC3E4 /* CIColorCurvesExample */ = {
			isa = PBXNativeTarget;
			buildConfigurationList = FDD749A01FA94D01008CC3E4 /* Build configuration list for PBXNativeTarget "CIColorCurvesExample" */;
			buildPhases = (
				FDD7498A1FA94D01008CC3E4 /* Sources */,
				FDD7498B1FA94D01008CC3E4 /* Frameworks */,
				FDD7498C1FA94D01008CC3E4 /* Resources */,
			);
			buildRules = (
			);
			dependencies = (
			);
			name = CIColorCurvesExample;
			productName = CoreImageTest;
			productReference = FDD7498E1FA94D01008CC3E4 /* CIColorCurvesExample.app */;
			productType = "com.apple.product-type.application";
		};
/* End PBXNativeTarget section */

/* Begin PBXProject section */
		FDD749861FA94D01008CC3E4 /* Project object */ = {
			isa = PBXProject;
			attributes = {
				LastSwiftUpdateCheck = 0900;
				LastUpgradeCheck = 0900;
				ORGANIZATIONNAME = "Prasanth Veerina";
				TargetAttributes = {
					FDD7498D1FA94D01008CC3E4 = {
						CreatedOnToolsVersion = 9.0;
						ProvisioningStyle = Automatic;
					};
				};
			};
			buildConfigurationList = FDD749891FA94D01008CC3E4 /* Build configuration list for PBXProject "CIColorCurvesExample" */;
			compatibilityVersion = "Xcode 8.0";
			developmentRegion = en;
			hasScannedForEncodings = 0;
			knownRegions = (
				en,
				Base,
			);
			mainGroup = FDD749851FA94D01008CC3E4;
			productRefGroup = FDD7498F1FA94D01008CC3E4 /* Products */;
			projectDirPath = "";
			projectRoot = "";
			targets = (
				FDD7498D1FA94D01008CC3E4 /* CIColorCurvesExample */,
			);
		};
/* End PBXProject section */

/* Begin PBXResourcesBuildPhase section */
		FDD7498C1FA94D01008CC3E4 /* Resources */ = {
			isa = PBXResourcesBuildPhase;
			buildActionMask = 2147483647;
			files = (
				FDD7499C1FA94D01008CC3E4 /* LaunchScreen.storyboard in Resources */,
				FDD749991FA94D01008CC3E4 /* Assets.xcassets in Resources */,
				FDD749971FA94D01008CC3E4 /* Main.storyboard in Resources */,
			);
			runOnlyForDeploymentPostprocessing = 0;
		};
/* End PBXResourcesBuildPhase section */

/* Begin PBXSourcesBuildPhase section */
		FDD7498A1FA94D01008CC3E4 /* Sources */ = {
			isa = PBXSourcesBuildPhase;
			buildActionMask = 2147483647;
			files = (
				FDD749941FA94D01008CC3E4 /* ViewController.swift in Sources */,
				FDD749921FA94D01008CC3E4 /* AppDelegate.swift in Sources */,
			);
			runOnlyForDeploymentPostprocessing = 0;
		};
/* End PBXSourcesBuildPhase section */

/* Begin PBXVariantGroup section */
		FDD749951FA94D01008CC3E4 /* Main.storyboard */ = {
			isa = PBXVariantGroup;
			children = (
				FDD749961FA94D01008CC3E4 /* Base */,
			);
			name = Main.storyboard;
			sourceTree = "<group>";
		};
		FDD7499A1FA94D01008CC3E4 /* LaunchScreen.storyboard */ = {
			isa = PBXVariantGroup;
			children = (
				FDD7499B1FA94D01008CC3E4 /* Base */,
			);
			name = LaunchScreen.storyboard;
			sourceTree = "<group>";
		};
/* End PBXVariantGroup section */

/* Begin XCBuildConfiguration section */
		FDD7499E1FA94D01008CC3E4 /* Debug */ = {
			isa = XCBuildConfiguration;
			buildSettings = {
				ALWAYS_SEARCH_USER_PATHS = NO;
				CLANG_ANALYZER_NONNULL = YES;
				CLANG_ANALYZER_NUMBER_OBJECT_CONVERSION = YES_AGGRESSIVE;
				CLANG_CXX_LANGUAGE_STANDARD = "gnu++14";
				CLANG_CXX_LIBRARY = "libc++";
				CLANG_ENABLE_MODULES = YES;
				CLANG_ENABLE_OBJC_ARC = YES;
				CLANG_WARN_BLOCK_CAPTURE_AUTORELEASING = YES;
				CLANG_WARN_BOOL_CONVERSION = YES;
				CLANG_WARN_COMMA = YES;
				CLANG_WARN_CONSTANT_CONVERSION = YES;
				CLANG_WARN_DIRECT_OBJC_ISA_USAGE = YES_ERROR;
				CLANG_WARN_DOCUMENTATION_COMMENTS = YES;
				CLANG_WARN_EMPTY_BODY = YES;
				CLANG_WARN_ENUM_CONVERSION = YES;
				CLANG_WARN_INFINITE_RECURSION = YES;
				CLANG_WARN_INT_CONVERSION = YES;
				CLANG_WARN_NON_LITERAL_NULL_CONVERSION = YES;
				CLANG_WARN_OBJC_LITERAL_CONVERSION = YES;
				CLANG_WARN_OBJC_ROOT_CLASS = YES_ERROR;
				CLANG_WARN_RANGE_LOOP_ANALYSIS = YES;
				CLANG_WARN_STRICT_PROTOTYPES = YES;
				CLANG_WARN_SUSPICIOUS_MOVE = YES;
				CLANG_WARN_UNGUARDED_AVAILABILITY = YES_AGGRESSIVE;
				CLANG_WARN_UNREACHABLE_CODE = YES;
				CLANG_WARN__DUPLICATE_METHOD_MATCH = YES;
				CODE_SIGN_IDENTITY = "iPhone Developer";
				COPY_PHASE_STRIP = NO;
				DEBUG_INFORMATION_FORMAT = dwarf;
				ENABLE_STRICT_OBJC_MSGSEND = YES;
				ENABLE_TESTABILITY = YES;
				GCC_C_LANGUAGE_STANDARD = gnu11;
				GCC_DYNAMIC_NO_PIC = NO;
				GCC_NO_COMMON_BLOCKS = YES;
				GCC_OPTIMIZATION_LEVEL = 0;
				GCC_PREPROCESSOR_DEFINITIONS = (
					"DEBUG=1",
					"$(inherited)",
				);
				GCC_WARN_64_TO_32_BIT_CONVERSION = YES;
				GCC_WARN_ABOUT_RETURN_TYPE = YES_ERROR;
				GCC_WARN_UNDECLARED_SELECTOR = YES;
				GCC_WARN_UNINITIALIZED_AUTOS = YES_AGGRESSIVE;
				GCC_WARN_UNUSED_FUNCTION = YES;
				GCC_WARN_UNUSED_VARIABLE = YES;
				IPHONEOS_DEPLOYMENT_TARGET = 11.0;
				MTL_ENABLE_DEBUG_INFO = YES;
				ONLY_ACTIVE_ARCH = YES;
				SDKROOT = iphoneos;
				SWIFT_ACTIVE_COMPILATION_CONDITIONS = DEBUG;
				SWIFT_OPTIMIZATION_LEVEL = "-Onone";
			};
			name = Debug;
		};
		FDD7499F1FA94D01008CC3E4 /* Release */ = {
			isa = XCBuildConfiguration;
			buildSettings = {
				ALWAYS_SEARCH_USER_PATHS = NO;
				CLANG_ANALYZER_NONNULL = YES;
				CLANG_ANALYZER_NUMBER_OBJECT_CONVERSION = YES_AGGRESSIVE;
				CLANG_CXX_LANGUAGE_STANDARD = "gnu++14";
				CLANG_CXX_LIBRARY = "libc++";
				CLANG_ENABLE_MODULES = YES;
				CLANG_ENABLE_OBJC_ARC = YES;
				CLANG_WARN_BLOCK_CAPTURE_AUTORELEASING = YES;
				CLANG_WARN_BOOL_CONVERSION = YES;
				CLANG_WARN_COMMA = YES;
				CLANG_WARN_CONSTANT_CONVERSION = YES;
				CLANG_WARN_DIRECT_OBJC_ISA_USAGE = YES_ERROR;
				CLANG_WARN_DOCUMENTATION_COMMENTS = YES;
				CLANG_WARN_EMPTY_BODY = YES;
				CLANG_WARN_ENUM_CONVERSION = YES;
				CLANG_WARN_INFINITE_RECURSION = YES;
				CLANG_WARN_INT_CONVERSION = YES;
				CLANG_WARN_NON_LITERAL_NULL_CONVERSION = YES;
				CLANG_WARN_OBJC_LITERAL_CONVERSION = YES;
				CLANG_WARN_OBJC_ROOT_CLASS = YES_ERROR;
				CLANG_WARN_RANGE_LOOP_ANALYSIS = YES;
				CLANG_WARN_STRICT_PROTOTYPES = YES;
				CLANG_WARN_SUSPICIOUS_MOVE = YES;
				CLANG_WARN_UNGUARDED_AVAILABILITY = YES_AGGRESSIVE;
				CLANG_WARN_UNREACHABLE_CODE = YES;
				CLANG_WARN__DUPLICATE_METHOD_MATCH = YES;
				CODE_SIGN_IDENTITY = "iPhone Developer";
				COPY_PHASE_STRIP = NO;
				DEBUG_INFORMATION_FORMAT = "dwarf-with-dsym";
				ENABLE_NS_ASSERTIONS = NO;
				ENABLE_STRICT_OBJC_MSGSEND = YES;
				GCC_C_LANGUAGE_STANDARD = gnu11;
				GCC_NO_COMMON_BLOCKS = YES;
				GCC_WARN_64_TO_32_BIT_CONVERSION = YES;
				GCC_WARN_ABOUT_RETURN_TYPE = YES_ERROR;
				GCC_WARN_UNDECLARED_SELECTOR = YES;
				GCC_WARN_UNINITIALIZED_AUTOS = YES_AGGRESSIVE;
				GCC_WARN_UNUSED_FUNCTION = YES;
				GCC_WARN_UNUSED_VARIABLE = YES;
				IPHONEOS_DEPLOYMENT_TARGET = 11.0;
				MTL_ENABLE_DEBUG_INFO = NO;
				SDKROOT = iphoneos;
				SWIFT_OPTIMIZATION_LEVEL = "-Owholemodule";
				VALIDATE_PRODUCT = YES;
			};
			name = Release;
		};
		FDD749A11FA94D01008CC3E4 /* Debug */ = {
			isa = XCBuildConfiguration;
			buildSettings = {
				ASSETCATALOG_COMPILER_APPICON_NAME = AppIcon;
				CODE_SIGN_STYLE = Automatic;
				DEVELOPMENT_TEAM = 47GXNL4G5W;
				INFOPLIST_FILE = CoreImageTest/Info.plist;
				LD_RUNPATH_SEARCH_PATHS = "$(inherited) @executable_path/Frameworks";
				PRODUCT_BUNDLE_IDENTIFIER = com.pveerina.CoreImageTest;
				PRODUCT_NAME = "$(TARGET_NAME)";
				SWIFT_VERSION = 4.0;
				TARGETED_DEVICE_FAMILY = "1,2";
			};
			name = Debug;
		};
		FDD749A21FA94D01008CC3E4 /* Release */ = {
			isa = XCBuildConfiguration;
			buildSettings = {
				ASSETCATALOG_COMPILER_APPICON_NAME = AppIcon;
				CODE_SIGN_STYLE = Automatic;
				DEVELOPMENT_TEAM = 47GXNL4G5W;
				INFOPLIST_FILE = CoreImageTest/Info.plist;
				LD_RUNPATH_SEARCH_PATHS = "$(inherited) @executable_path/Frameworks";
				PRODUCT_BUNDLE_IDENTIFIER = com.pveerina.CoreImageTest;
				PRODUCT_NAME = "$(TARGET_NAME)";
				SWIFT_VERSION = 4.0;
				TARGETED_DEVICE_FAMILY = "1,2";
			};
			name = Release;
		};
/* End XCBuildConfiguration section */

/* Begin XCConfigurationList section */
		FDD749891FA94D01008CC3E4 /* Build configuration list for PBXProject "CIColorCurvesExample" */ = {
			isa = XCConfigurationList;
			buildConfigurations = (
				FDD7499E1FA94D01008CC3E4 /* Debug */,
				FDD7499F1FA94D01008CC3E4 /* Release */,
			);
			defaultConfigurationIsVisible = 0;
			defaultConfigurationName = Release;
		};
		FDD749A01FA94D01008CC3E4 /* Build configuration list for PBXNativeTarget "CIColorCurvesExample" */ = {
			isa = XCConfigurationList;
			buildConfigurations = (
				FDD749A11FA94D01008CC3E4 /* Debug */,
				FDD749A21FA94D01008CC3E4 /* Release */,
			);
			defaultConfigurationIsVisible = 0;
			defaultConfigurationName = Release;
		};
/* End XCConfigurationList section */
	};
	rootObject = FDD749861FA94D01008CC3E4 /* Project object */;
}
